
Microsoft Visual Studio Solution File, Format Version 12.00
# Visual Studio Version 16
VisualStudioVersion = 16.0.29721.120
MinimumVisualStudioVersion = 10.0.40219.1
Project("{FAE04EC0-301F-11D3-BF4B-00C04F79EFBC}") = "ChromySharp.Plugin", "source\ChromySharp.Plugin\ChromySharp.Plugin.csproj", "{AAA2389E-9E52-4687-A326-0D1992D28492}"
EndProject
Global
	GlobalSection(SolutionConfigurationPlatforms) = preSolution
		Debug|Any CPU = Debug|Any CPU
		Release|Any CPU = Release|Any CPU
	EndGlobalSection
	GlobalSection(ProjectConfigurationPlatforms) = postSolution
		{AAA2389E-9E52-4687-A326-0D1992D28492}.Debug|Any CPU.ActiveCfg = Debug|Any CPU
		{AAA2389E-9E52-4687-A326-0D1992D28492}.Debug|Any CPU.Build.0 = Debug|Any CPU
		{AAA2389E-9E52-4687-A326-0D1992D28492}.Release|Any CPU.ActiveCfg = Release|Any CPU
		{AAA2389E-9E52-4687-A326-0D1992D28492}.Release|Any CPU.Build.0 = Release|Any CPU
	EndGlobalSection
	GlobalSection(SolutionProperties) = preSolution
		HideSolutionNode = FALSE
	EndGlobalSection
	GlobalSection(ExtensibilityGlobals) = postSolution
		SolutionGuid = {08E70953-4092-40A8-977A-08ED0723038F}
	EndGlobalSection
EndGlobal
